
Microsoft Visual Studio Solution File, Format Version 12.00
# Visual Studio Version 17
VisualStudioVersion = 17.4.33213.308
MinimumVisualStudioVersion = 10.0.40219.1
Project("{FAE04EC0-301F-11D3-BF4B-00C04F79EFBC}") = "connect5", "connect5\connect5.csproj", "{2D4BF234-5A3A-42BB-8605-86855EA10B48}"
EndProject
Project("{FAE04EC0-301F-11D3-BF4B-00C04F79EFBC}") = "computer_AI", "computer_AI\computer_AI.csproj", "{E1F9A361-B8F1-406F-87D5-5BE875605441}"
EndProject
Global
	GlobalSection(SolutionConfigurationPlatforms) = preSolution
		Debug|Any CPU = Debug|Any CPU
		Release|Any CPU = Release|Any CPU
	EndGlobalSection
	GlobalSection(ProjectConfigurationPlatforms) = postSolution
		{2D4BF234-5A3A-42BB-8605-86855EA10B48}.Debug|Any CPU.ActiveCfg = Debug|Any CPU
		{2D4BF234-5A3A-42BB-8605-86855EA10B48}.Debug|Any CPU.Build.0 = Debug|Any CPU
		{2D4BF234-5A3A-42BB-8605-86855EA10B48}.Release|Any CPU.ActiveCfg = Release|Any CPU
		{2D4BF234-5A3A-42BB-8605-86855EA10B48}.Release|Any CPU.Build.0 = Release|Any CPU
		{E1F9A361-B8F1-406F-87D5-5BE875605441}.Debug|Any CPU.ActiveCfg = Debug|Any CPU
		{E1F9A361-B8F1-406F-87D5-5BE875605441}.Debug|Any CPU.Build.0 = Debug|Any CPU
		{E1F9A361-B8F1-406F-87D5-5BE875605441}.Release|Any CPU.ActiveCfg = Release|Any CPU
		{E1F9A361-B8F1-406F-87D5-5BE875605441}.Release|Any CPU.Build.0 = Release|Any CPU
	EndGlobalSection
	GlobalSection(SolutionProperties) = preSolution
		HideSolutionNode = FALSE
	EndGlobalSection
	GlobalSection(ExtensibilityGlobals) = postSolution
		SolutionGuid = {02A7D831-F488-4D75-A224-C932BC55C39A}
	EndGlobalSection
EndGlobal
